// !$*UTF8*$!
{
	archiveVersion = 1;
	classes = {
	};
	objectVersion = 55;
	objects = {

/* Begin PBXBuildFile section */
		C17EC23427C0F96A00773913 /* AppDelegate.swift in Sources */ = {isa = PBXBuildFile; fileRef = C17EC23327C0F96A00773913 /* AppDelegate.swift */; };
		C17EC23627C0F96A00773913 /* SceneDelegate.swift in Sources */ = {isa = PBXBuildFile; fileRef = C17EC23527C0F96A00773913 /* SceneDelegate.swift */; };
		C17EC23827C0F96A00773913 /* ViewController.swift in Sources */ = {isa = PBXBuildFile; fileRef = C17EC23727C0F96A00773913 /* ViewController.swift */; };
		C17EC23D27C0F96C00773913 /* Assets.xcassets in Resources */ = {isa = PBXBuildFile; fileRef = C17EC23C27C0F96C00773913 /* Assets.xcassets */; };
		C17EC24A27C1081E00773913 /* FlickrData.swift in Sources */ = {isa = PBXBuildFile; fileRef = C17EC24927C1081E00773913 /* FlickrData.swift */; };
		C17EC24C27C1087500773913 /* FlickrManager.swift in Sources */ = {isa = PBXBuildFile; fileRef = C17EC24B27C1087500773913 /* FlickrManager.swift */; };
		C17EC24E27C17ED700773913 /* CollectionViewCell.swift in Sources */ = {isa = PBXBuildFile; fileRef = C17EC24D27C17ED700773913 /* CollectionViewCell.swift */; };
		C17EC25027C2934D00773913 /* DetailViewController.swift in Sources */ = {isa = PBXBuildFile; fileRef = C17EC24F27C2934D00773913 /* DetailViewController.swift */; };
		C17EC25227C2C9BD00773913 /* Extention.swift in Sources */ = {isa = PBXBuildFile; fileRef = C17EC25127C2C9BD00773913 /* Extention.swift */; };
/* End PBXBuildFile section */

/* Begin PBXFileReference section */
		C17EC23027C0F96A00773913 /* FlickrApp.app */ = {isa = PBXFileReference; explicitFileType = wrapper.application; includeInIndex = 0; path = FlickrApp.app; sourceTree = BUILT_PRODUCTS_DIR; };
		C17EC23327C0F96A00773913 /* AppDelegate.swift */ = {isa = PBXFileReference; lastKnownFileType = sourcecode.swift; path = AppDelegate.swift; sourceTree = "<group>"; };
		C17EC23527C0F96A00773913 /* SceneDelegate.swift */ = {isa = PBXFileReference; lastKnownFileType = sourcecode.swift; path = SceneDelegate.swift; sourceTree = "<group>"; };
		C17EC23727C0F96A00773913 /* ViewController.swift */ = {isa = PBXFileReference; lastKnownFileType = sourcecode.swift; path = ViewController.swift; sourceTree = "<group>"; };
		C17EC23C27C0F96C00773913 /* Assets.xcassets */ = {isa = PBXFileReference; lastKnownFileType = folder.assetcatalog; path = Assets.xcassets; sourceTree = "<group>"; };
		C17EC24127C0F96C00773913 /* Info.plist */ = {isa = PBXFileReference; lastKnownFileType = text.plist.xml; path = Info.plist; sourceTree = "<group>"; };
		C17EC24927C1081E00773913 /* FlickrData.swift */ = {isa = PBXFileReference; lastKnownFileType = sourcecode.swift; path = FlickrData.swift; sourceTree = "<group>"; };
		C17EC24B27C1087500773913 /* FlickrManager.swift */ = {isa = PBXFileReference; lastKnownFileType = sourcecode.swift; path = FlickrManager.swift; sourceTree = "<group>"; };
		C17EC24D27C17ED700773913 /* CollectionViewCell.swift */ = {isa = PBXFileReference; lastKnownFileType = sourcecode.swift; path = CollectionViewCell.swift; sourceTree = "<group>"; };
		C17EC24F27C2934D00773913 /* DetailViewController.swift */ = {isa = PBXFileReference; lastKnownFileType = sourcecode.swift; path = DetailViewController.swift; sourceTree = "<group>"; };
		C17EC25127C2C9BD00773913 /* Extention.swift */ = {isa = PBXFileReference; lastKnownFileType = sourcecode.swift; path = Extention.swift; sourceTree = "<group>"; };
/* End PBXFileReference section */

/* Begin PBXFrameworksBuildPhase section */
		C17EC22D27C0F96A00773913 /* Frameworks */ = {
			isa = PBXFrameworksBuildPhase;
			buildActionMask = 2147483647;
			files = (
			);
			runOnlyForDeploymentPostprocessing = 0;
		};
/* End PBXFrameworksBuildPhase section */

/* Begin PBXGroup section */
		C17EC22727C0F96A00773913 = {
			isa = PBXGroup;
			children = (
				C17EC23227C0F96A00773913 /* FlickrApp */,
				C17EC23127C0F96A00773913 /* Products */,
			);
			sourceTree = "<group>";
		};
		C17EC23127C0F96A00773913 /* Products */ = {
			isa = PBXGroup;
			children = (
				C17EC23027C0F96A00773913 /* FlickrApp.app */,
			);
			name = Products;
			sourceTree = "<group>";
		};
		C17EC23227C0F96A00773913 /* FlickrApp */ = {
			isa = PBXGroup;
			children = (
				C17EC25327C2D65C00773913 /* Extensions */,
				C17EC24827C1014700773913 /* Model */,
				C17EC24727C1012D00773913 /* ViewController */,
				C17EC23327C0F96A00773913 /* AppDelegate.swift */,
				C17EC23527C0F96A00773913 /* SceneDelegate.swift */,
				C17EC23C27C0F96C00773913 /* Assets.xcassets */,
				C17EC24127C0F96C00773913 /* Info.plist */,
			);
			path = FlickrApp;
			sourceTree = "<group>";
		};
		C17EC24727C1012D00773913 /* ViewController */ = {
			isa = PBXGroup;
			children = (
				C17EC23727C0F96A00773913 /* ViewController.swift */,
				C17EC24D27C17ED700773913 /* CollectionViewCell.swift */,
				C17EC24F27C2934D00773913 /* DetailViewController.swift */,
			);
			path = ViewController;
			sourceTree = "<group>";
		};
		C17EC24827C1014700773913 /* Model */ = {
			isa = PBXGroup;
			children = (
				C17EC24927C1081E00773913 /* FlickrData.swift */,
				C17EC24B27C1087500773913 /* FlickrManager.swift */,
			);
			path = Model;
			sourceTree = "<group>";
		};
		C17EC25327C2D65C00773913 /* Extensions */ = {
			isa = PBXGroup;
			children = (
				C17EC25127C2C9BD00773913 /* Extention.swift */,
			);
			path = Extensions;
			sourceTree = "<group>";
		};
/* End PBXGroup section */

/* Begin PBXNativeTarget section */
		C17EC22F27C0F96A00773913 /* FlickrApp */ = {
			isa = PBXNativeTarget;
			buildConfigurationList = C17EC24427C0F96C00773913 /* Build configuration list for PBXNativeTarget "FlickrApp" */;
			buildPhases = (
				C17EC22C27C0F96A00773913 /* Sources */,
				C17EC22D27C0F96A00773913 /* Frameworks */,
				C17EC22E27C0F96A00773913 /* Resources */,
			);
			buildRules = (
			);
			dependencies = (
			);
			name = FlickrApp;
			productName = FlickrApp;
			productReference = C17EC23027C0F96A00773913 /* FlickrApp.app */;
			productType = "com.apple.product-type.application";
		};
/* End PBXNativeTarget section */

/* Begin PBXProject section */
		C17EC22827C0F96A00773913 /* Project object */ = {
			isa = PBXProject;
			attributes = {
				BuildIndependentTargetsInParallel = 1;
				LastSwiftUpdateCheck = 1300;
				LastUpgradeCheck = 1300;
				TargetAttributes = {
					C17EC22F27C0F96A00773913 = {
						CreatedOnToolsVersion = 13.0;
					};
				};
			};
			buildConfigurationList = C17EC22B27C0F96A00773913 /* Build configuration list for PBXProject "FlickrApp" */;
			compatibilityVersion = "Xcode 13.0";
			developmentRegion = en;
			hasScannedForEncodings = 0;
			knownRegions = (
				en,
				Base,
			);
			mainGroup = C17EC22727C0F96A00773913;
			productRefGroup = C17EC23127C0F96A00773913 /* Products */;
			projectDirPath = "";
			projectRoot = "";
			targets = (
				C17EC22F27C0F96A00773913 /* FlickrApp */,
			);
		};
/* End PBXProject section */

/* Begin PBXResourcesBuildPhase section */
		C17EC22E27C0F96A00773913 /* Resources */ = {
			isa = PBXResourcesBuildPhase;
			buildActionMask = 2147483647;
			files = (
				C17EC23D27C0F96C00773913 /* Assets.xcassets in Resources */,
			);
			runOnlyForDeploymentPostprocessing = 0;
		};
/* End PBXResourcesBuildPhase section */

/* Begin PBXSourcesBuildPhase section */
		C17EC22C27C0F96A00773913 /* Sources */ = {
			isa = PBXSourcesBuildPhase;
			buildActionMask = 2147483647;
			files = (
				C17EC24A27C1081E00773913 /* FlickrData.swift in Sources */,
				C17EC24C27C1087500773913 /* FlickrManager.swift in Sources */,
				C17EC24E27C17ED700773913 /* CollectionViewCell.swift in Sources */,
				C17EC23827C0F96A00773913 /* ViewController.swift in Sources */,
				C17EC23427C0F96A00773913 /* AppDelegate.swift in Sources */,
				C17EC25027C2934D00773913 /* DetailViewController.swift in Sources */,
				C17EC23627C0F96A00773913 /* SceneDelegate.swift in Sources */,
				C17EC25227C2C9BD00773913 /* Extention.swift in Sources */,
			);
			runOnlyForDeploymentPostprocessing = 0;
		};
/* End PBXSourcesBuildPhase section */

/* Begin XCBuildConfiguration section */
		C17EC24227C0F96C00773913 /* Debug */ = {
			isa = XCBuildConfiguration;
			buildSettings = {
				ALWAYS_SEARCH_USER_PATHS = NO;
				CLANG_ANALYZER_NONNULL = YES;
				CLANG_ANALYZER_NUMBER_OBJECT_CONVERSION = YES_AGGRESSIVE;
				CLANG_CXX_LANGUAGE_STANDARD = "gnu++17";
				CLANG_CXX_LIBRARY = "libc++";
				CLANG_ENABLE_MODULES = YES;
				CLANG_ENABLE_OBJC_ARC = YES;
				CLANG_ENABLE_OBJC_WEAK = YES;
				CLANG_WARN_BLOCK_CAPTURE_AUTORELEASING = YES;
				CLANG_WARN_BOOL_CONVERSION = YES;
				CLANG_WARN_COMMA = YES;
				CLANG_WARN_CONSTANT_CONVERSION = YES;
				CLANG_WARN_DEPRECATED_OBJC_IMPLEMENTATIONS = YES;
				CLANG_WARN_DIRECT_OBJC_ISA_USAGE = YES_ERROR;
				CLANG_WARN_DOCUMENTATION_COMMENTS = YES;
				CLANG_WARN_EMPTY_BODY = YES;
				CLANG_WARN_ENUM_CONVERSION = YES;
				CLANG_WARN_INFINITE_RECURSION = YES;
				CLANG_WARN_INT_CONVERSION = YES;
				CLANG_WARN_NON_LITERAL_NULL_CONVERSION = YES;
				CLANG_WARN_OBJC_IMPLICIT_RETAIN_SELF = YES;
				CLANG_WARN_OBJC_LITERAL_CONVERSION = YES;
				CLANG_WARN_OBJC_ROOT_CLASS = YES_ERROR;
				CLANG_WARN_QUOTED_INCLUDE_IN_FRAMEWORK_HEADER = YES;
				CLANG_WARN_RANGE_LOOP_ANALYSIS = YES;
				CLANG_WARN_STRICT_PROTOTYPES = YES;
				CLANG_WARN_SUSPICIOUS_MOVE = YES;
				CLANG_WARN_UNGUARDED_AVAILABILITY = YES_AGGRESSIVE;
				CLANG_WARN_UNREACHABLE_CODE = YES;
				CLANG_WARN__DUPLICATE_METHOD_MATCH = YES;
				COPY_PHASE_STRIP = NO;
				DEBUG_INFORMATION_FORMAT = dwarf;
				ENABLE_STRICT_OBJC_MSGSEND = YES;
				ENABLE_TESTABILITY = YES;
				GCC_C_LANGUAGE_STANDARD = gnu11;
				GCC_DYNAMIC_NO_PIC = NO;
				GCC_NO_COMMON_BLOCKS = YES;
				GCC_OPTIMIZATION_LEVEL = 0;
				GCC_PREPROCESSOR_DEFINITIONS = (
					"DEBUG=1",
					"$(inherited)",
				);
				GCC_WARN_64_TO_32_BIT_CONVERSION = YES;
				GCC_WARN_ABOUT_RETURN_TYPE = YES_ERROR;
				GCC_WARN_UNDECLARED_SELECTOR = YES;
				GCC_WARN_UNINITIALIZED_AUTOS = YES_AGGRESSIVE;
				GCC_WARN_UNUSED_FUNCTION = YES;
				GCC_WARN_UNUSED_VARIABLE = YES;
				IPHONEOS_DEPLOYMENT_TARGET = 15.0;
				MTL_ENABLE_DEBUG_INFO = INCLUDE_SOURCE;
				MTL_FAST_MATH = YES;
				ONLY_ACTIVE_ARCH = YES;
				SDKROOT = iphoneos;
				SWIFT_ACTIVE_COMPILATION_CONDITIONS = DEBUG;
				SWIFT_OPTIMIZATION_LEVEL = "-Onone";
			};
			name = Debug;
		};
		C17EC24327C0F96C00773913 /* Release */ = {
			isa = XCBuildConfiguration;
			buildSettings = {
				ALWAYS_SEARCH_USER_PATHS = NO;
				CLANG_ANALYZER_NONNULL = YES;
				CLANG_ANALYZER_NUMBER_OBJECT_CONVERSION = YES_AGGRESSIVE;
				CLANG_CXX_LANGUAGE_STANDARD = "gnu++17";
				CLANG_CXX_LIBRARY = "libc++";
				CLANG_ENABLE_MODULES = YES;
				CLANG_ENABLE_OBJC_ARC = YES;
				CLANG_ENABLE_OBJC_WEAK = YES;
				CLANG_WARN_BLOCK_CAPTURE_AUTORELEASING = YES;
				CLANG_WARN_BOOL_CONVERSION = YES;
				CLANG_WARN_COMMA = YES;
				CLANG_WARN_CONSTANT_CONVERSION = YES;
				CLANG_WARN_DEPRECATED_OBJC_IMPLEMENTATIONS = YES;
				CLANG_WARN_DIRECT_OBJC_ISA_USAGE = YES_ERROR;
				CLANG_WARN_DOCUMENTATION_COMMENTS = YES;
				CLANG_WARN_EMPTY_BODY = YES;
				CLANG_WARN_ENUM_CONVERSION = YES;
				CLANG_WARN_INFINITE_RECURSION = YES;
				CLANG_WARN_INT_CONVERSION = YES;
				CLANG_WARN_NON_LITERAL_NULL_CONVERSION = YES;
				CLANG_WARN_OBJC_IMPLICIT_RETAIN_SELF = YES;
				CLANG_WARN_OBJC_LITERAL_CONVERSION = YES;
				CLANG_WARN_OBJC_ROOT_CLASS = YES_ERROR;
				CLANG_WARN_QUOTED_INCLUDE_IN_FRAMEWORK_HEADER = YES;
				CLANG_WARN_RANGE_LOOP_ANALYSIS = YES;
				CLANG_WARN_STRICT_PROTOTYPES = YES;
				CLANG_WARN_SUSPICIOUS_MOVE = YES;
				CLANG_WARN_UNGUARDED_AVAILABILITY = YES_AGGRESSIVE;
				CLANG_WARN_UNREACHABLE_CODE = YES;
				CLANG_WARN__DUPLICATE_METHOD_MATCH = YES;
				COPY_PHASE_STRIP = NO;
				DEBUG_INFORMATION_FORMAT = "dwarf-with-dsym";
				ENABLE_NS_ASSERTIONS = NO;
				ENABLE_STRICT_OBJC_MSGSEND = YES;
				GCC_C_LANGUAGE_STANDARD = gnu11;
				GCC_NO_COMMON_BLOCKS = YES;
				GCC_WARN_64_TO_32_BIT_CONVERSION = YES;
				GCC_WARN_ABOUT_RETURN_TYPE = YES_ERROR;
				GCC_WARN_UNDECLARED_SELECTOR = YES;
				GCC_WARN_UNINITIALIZED_AUTOS = YES_AGGRESSIVE;
				GCC_WARN_UNUSED_FUNCTION = YES;
				GCC_WARN_UNUSED_VARIABLE = YES;
				IPHONEOS_DEPLOYMENT_TARGET = 15.0;
				MTL_ENABLE_DEBUG_INFO = NO;
				MTL_FAST_MATH = YES;
				SDKROOT = iphoneos;
				SWIFT_COMPILATION_MODE = wholemodule;
				SWIFT_OPTIMIZATION_LEVEL = "-O";
				VALIDATE_PRODUCT = YES;
			};
			name = Release;
		};
		C17EC24527C0F96C00773913 /* Debug */ = {
			isa = XCBuildConfiguration;
			buildSettings = {
				ASSETCATALOG_COMPILER_APPICON_NAME = AppIcon;
				ASSETCATALOG_COMPILER_GLOBAL_ACCENT_COLOR_NAME = AccentColor;
				CODE_SIGN_STYLE = Automatic;
				CURRENT_PROJECT_VERSION = 1;
				DEVELOPMENT_TEAM = 222MZD2A8A;
				GENERATE_INFOPLIST_FILE = YES;
				INFOPLIST_FILE = FlickrApp/Info.plist;
				INFOPLIST_KEY_UIApplicationSupportsIndirectInputEvents = YES;
				INFOPLIST_KEY_UILaunchStoryboardName = LaunchScreen;
				INFOPLIST_KEY_UISupportedInterfaceOrientations_iPad = "UIInterfaceOrientationPortrait UIInterfaceOrientationPortraitUpsideDown UIInterfaceOrientationLandscapeLeft UIInterfaceOrientationLandscapeRight";
				INFOPLIST_KEY_UISupportedInterfaceOrientations_iPhone = "UIInterfaceOrientationPortrait UIInterfaceOrientationLandscapeLeft UIInterfaceOrientationLandscapeRight";
				LD_RUNPATH_SEARCH_PATHS = (
					"$(inherited)",
					"@executable_path/Frameworks",
				);
				MARKETING_VERSION = 1.0;
				PRODUCT_BUNDLE_IDENTIFIER = com.AmadWalid.FlickrApp;
				PRODUCT_NAME = "$(TARGET_NAME)";
				SWIFT_EMIT_LOC_STRINGS = YES;
				SWIFT_VERSION = 5.0;
				TARGETED_DEVICE_FAMILY = "1,2";
			};
			name = Debug;
		};
		C17EC24627C0F96C00773913 /* Release */ = {
			isa = XCBuildConfiguration;
			buildSettings = {
				ASSETCATALOG_COMPILER_APPICON_NAME = AppIcon;
				ASSETCATALOG_COMPILER_GLOBAL_ACCENT_COLOR_NAME = AccentColor;
				CODE_SIGN_STYLE = Automatic;
				CURRENT_PROJECT_VERSION = 1;
				DEVELOPMENT_TEAM = 222MZD2A8A;
				GENERATE_INFOPLIST_FILE = YES;
				INFOPLIST_FILE = FlickrApp/Info.plist;
				INFOPLIST_KEY_UIApplicationSupportsIndirectInputEvents = YES;
				INFOPLIST_KEY_UILaunchStoryboardName = LaunchScreen;
				INFOPLIST_KEY_UISupportedInterfaceOrientations_iPad = "UIInterfaceOrientationPortrait UIInterfaceOrientationPortraitUpsideDown UIInterfaceOrientationLandscapeLeft UIInterfaceOrientationLandscapeRight";
				INFOPLIST_KEY_UISupportedInterfaceOrientations_iPhone = "UIInterfaceOrientationPortrait UIInterfaceOrientationLandscapeLeft UIInterfaceOrientationLandscapeRight";
				LD_RUNPATH_SEARCH_PATHS = (
					"$(inherited)",
					"@executable_path/Frameworks",
				);
				MARKETING_VERSION = 1.0;
				PRODUCT_BUNDLE_IDENTIFIER = com.AmadWalid.FlickrApp;
				PRODUCT_NAME = "$(TARGET_NAME)";
				SWIFT_EMIT_LOC_STRINGS = YES;
				SWIFT_VERSION = 5.0;
				TARGETED_DEVICE_FAMILY = "1,2";
			};
			name = Release;
		};
/* End XCBuildConfiguration section */

/* Begin XCConfigurationList section */
		C17EC22B27C0F96A00773913 /* Build configuration list for PBXProject "FlickrApp" */ = {
			isa = XCConfigurationList;
			buildConfigurations = (
				C17EC24227C0F96C00773913 /* Debug */,
				C17EC24327C0F96C00773913 /* Release */,
			);
			defaultConfigurationIsVisible = 0;
			defaultConfigurationName = Release;
		};
		C17EC24427C0F96C00773913 /* Build configuration list for PBXNativeTarget "FlickrApp" */ = {
			isa = XCConfigurationList;
			buildConfigurations = (
				C17EC24527C0F96C00773913 /* Debug */,
				C17EC24627C0F96C00773913 /* Release */,
			);
			defaultConfigurationIsVisible = 0;
			defaultConfigurationName = Release;
		};
/* End XCConfigurationList section */
	};
	rootObject = C17EC22827C0F96A00773913 /* Project object */;
}
